
Microsoft Visual Studio Solution File, Format Version 12.00
# Visual Studio Version 16
VisualStudioVersion = 16.0.31515.178
MinimumVisualStudioVersion = 10.0.40219.1
Project("{9A19103F-16F7-4668-BE54-9A1E7A4F7556}") = "DI_console_app", "DI_console_app\DI_console_app.csproj", "{AC9AB72C-C401-4AAC-B226-5003885AA298}"
EndProject
Project("{FAE04EC0-301F-11D3-BF4B-00C04F79EFBC}") = "UDPTCPcore", "UDPTCPcore\UDPTCPcore.csproj", "{77747244-EF22-4AE7-A948-D5216AF894EA}"
EndProject
Global
	GlobalSection(SolutionConfigurationPlatforms) = preSolution
		Debug|Any CPU = Debug|Any CPU
		Release|Any CPU = Release|Any CPU
	EndGlobalSection
	GlobalSection(ProjectConfigurationPlatforms) = postSolution
		{AC9AB72C-C401-4AAC-B226-5003885AA298}.Debug|Any CPU.ActiveCfg = Debug|Any CPU
		{AC9AB72C-C401-4AAC-B226-5003885AA298}.Debug|Any CPU.Build.0 = Debug|Any CPU
		{AC9AB72C-C401-4AAC-B226-5003885AA298}.Release|Any CPU.ActiveCfg = Release|Any CPU
		{AC9AB72C-C401-4AAC-B226-5003885AA298}.Release|Any CPU.Build.0 = Release|Any CPU
		{77747244-EF22-4AE7-A948-D5216AF894EA}.Debug|Any CPU.ActiveCfg = Debug|Any CPU
		{77747244-EF22-4AE7-A948-D5216AF894EA}.Debug|Any CPU.Build.0 = Debug|Any CPU
		{77747244-EF22-4AE7-A948-D5216AF894EA}.Release|Any CPU.ActiveCfg = Release|Any CPU
		{77747244-EF22-4AE7-A948-D5216AF894EA}.Release|Any CPU.Build.0 = Release|Any CPU
	EndGlobalSection
	GlobalSection(SolutionProperties) = preSolution
		HideSolutionNode = FALSE
	EndGlobalSection
	GlobalSection(ExtensibilityGlobals) = postSolution
		SolutionGuid = {F18CEE7B-928C-46DB-B4BE-9DCDACDD9AAF}
	EndGlobalSection
EndGlobal
