
Microsoft Visual Studio Solution File, Format Version 12.00
# Visual Studio Version 17
VisualStudioVersion = 17.1.32228.430
MinimumVisualStudioVersion = 10.0.40219.1
Project("{9A19103F-16F7-4668-BE54-9A1E7A4F7556}") = "DI_console_app", "DI_console_app\DI_console_app.csproj", "{AC9AB72C-C401-4AAC-B226-5003885AA298}"
EndProject
Project("{9A19103F-16F7-4668-BE54-9A1E7A4F7556}") = "UDPTCPcore", "UDPTCPcore\UDPTCPcore.csproj", "{77747244-EF22-4AE7-A948-D5216AF894EA}"
EndProject
Project("{9A19103F-16F7-4668-BE54-9A1E7A4F7556}") = "ServerChat", "ServerChat\ServerChat.csproj", "{4AF5AB21-8EB7-4073-ABEE-5B7DC70E7894}"
EndProject
Project("{9A19103F-16F7-4668-BE54-9A1E7A4F7556}") = "TCPUDPcore_nonDatabase", "TCPUDPcore_nonDatabase\TCPUDPcore_nonDatabase.csproj", "{F510017D-B927-4907-8FE6-43BEE6A131CF}"
EndProject
Project("{FAE04EC0-301F-11D3-BF4B-00C04F79EFBC}") = "TCPUDP_host_simulate", "TCPUDP_host_simulate\TCPUDP_host_simulate.csproj", "{A12C3EBA-03DB-4845-84A9-CDE359378111}"
EndProject
Global
	GlobalSection(SolutionConfigurationPlatforms) = preSolution
		Debug|Any CPU = Debug|Any CPU
		Debug|ARM = Debug|ARM
		Debug|ARM64 = Debug|ARM64
		Debug|x64 = Debug|x64
		Debug|x86 = Debug|x86
		Release|Any CPU = Release|Any CPU
		Release|ARM = Release|ARM
		Release|ARM64 = Release|ARM64
		Release|x64 = Release|x64
		Release|x86 = Release|x86
	EndGlobalSection
	GlobalSection(ProjectConfigurationPlatforms) = postSolution
		{AC9AB72C-C401-4AAC-B226-5003885AA298}.Debug|Any CPU.ActiveCfg = Debug|Any CPU
		{AC9AB72C-C401-4AAC-B226-5003885AA298}.Debug|Any CPU.Build.0 = Debug|Any CPU
		{AC9AB72C-C401-4AAC-B226-5003885AA298}.Debug|ARM.ActiveCfg = Debug|Any CPU
		{AC9AB72C-C401-4AAC-B226-5003885AA298}.Debug|ARM.Build.0 = Debug|Any CPU
		{AC9AB72C-C401-4AAC-B226-5003885AA298}.Debug|ARM64.ActiveCfg = Debug|Any CPU
		{AC9AB72C-C401-4AAC-B226-5003885AA298}.Debug|ARM64.Build.0 = Debug|Any CPU
		{AC9AB72C-C401-4AAC-B226-5003885AA298}.Debug|x64.ActiveCfg = Debug|Any CPU
		{AC9AB72C-C401-4AAC-B226-5003885AA298}.Debug|x64.Build.0 = Debug|Any CPU
		{AC9AB72C-C401-4AAC-B226-5003885AA298}.Debug|x86.ActiveCfg = Debug|Any CPU
		{AC9AB72C-C401-4AAC-B226-5003885AA298}.Debug|x86.Build.0 = Debug|Any CPU
		{AC9AB72C-C401-4AAC-B226-5003885AA298}.Release|Any CPU.ActiveCfg = Release|Any CPU
		{AC9AB72C-C401-4AAC-B226-5003885AA298}.Release|Any CPU.Build.0 = Release|Any CPU
		{AC9AB72C-C401-4AAC-B226-5003885AA298}.Release|ARM.ActiveCfg = Release|Any CPU
		{AC9AB72C-C401-4AAC-B226-5003885AA298}.Release|ARM.Build.0 = Release|Any CPU
		{AC9AB72C-C401-4AAC-B226-5003885AA298}.Release|ARM64.ActiveCfg = Release|Any CPU
		{AC9AB72C-C401-4AAC-B226-5003885AA298}.Release|ARM64.Build.0 = Release|Any CPU
		{AC9AB72C-C401-4AAC-B226-5003885AA298}.Release|x64.ActiveCfg = Release|Any CPU
		{AC9AB72C-C401-4AAC-B226-5003885AA298}.Release|x64.Build.0 = Release|Any CPU
		{AC9AB72C-C401-4AAC-B226-5003885AA298}.Release|x86.ActiveCfg = Release|Any CPU
		{AC9AB72C-C401-4AAC-B226-5003885AA298}.Release|x86.Build.0 = Release|Any CPU
		{77747244-EF22-4AE7-A948-D5216AF894EA}.Debug|Any CPU.ActiveCfg = Debug|Any CPU
		{77747244-EF22-4AE7-A948-D5216AF894EA}.Debug|Any CPU.Build.0 = Debug|Any CPU
		{77747244-EF22-4AE7-A948-D5216AF894EA}.Debug|ARM.ActiveCfg = Debug|Any CPU
		{77747244-EF22-4AE7-A948-D5216AF894EA}.Debug|ARM.Build.0 = Debug|Any CPU
		{77747244-EF22-4AE7-A948-D5216AF894EA}.Debug|ARM64.ActiveCfg = Debug|Any CPU
		{77747244-EF22-4AE7-A948-D5216AF894EA}.Debug|ARM64.Build.0 = Debug|Any CPU
		{77747244-EF22-4AE7-A948-D5216AF894EA}.Debug|x64.ActiveCfg = Debug|Any CPU
		{77747244-EF22-4AE7-A948-D5216AF894EA}.Debug|x64.Build.0 = Debug|Any CPU
		{77747244-EF22-4AE7-A948-D5216AF894EA}.Debug|x86.ActiveCfg = Debug|Any CPU
		{77747244-EF22-4AE7-A948-D5216AF894EA}.Debug|x86.Build.0 = Debug|Any CPU
		{77747244-EF22-4AE7-A948-D5216AF894EA}.Release|Any CPU.ActiveCfg = Release|Any CPU
		{77747244-EF22-4AE7-A948-D5216AF894EA}.Release|Any CPU.Build.0 = Release|Any CPU
		{77747244-EF22-4AE7-A948-D5216AF894EA}.Release|ARM.ActiveCfg = Release|Any CPU
		{77747244-EF22-4AE7-A948-D5216AF894EA}.Release|ARM.Build.0 = Release|Any CPU
		{77747244-EF22-4AE7-A948-D5216AF894EA}.Release|ARM64.ActiveCfg = Release|Any CPU
		{77747244-EF22-4AE7-A948-D5216AF894EA}.Release|ARM64.Build.0 = Release|Any CPU
		{77747244-EF22-4AE7-A948-D5216AF894EA}.Release|x64.ActiveCfg = Release|Any CPU
		{77747244-EF22-4AE7-A948-D5216AF894EA}.Release|x64.Build.0 = Release|Any CPU
		{77747244-EF22-4AE7-A948-D5216AF894EA}.Release|x86.ActiveCfg = Release|Any CPU
		{77747244-EF22-4AE7-A948-D5216AF894EA}.Release|x86.Build.0 = Release|Any CPU
		{4AF5AB21-8EB7-4073-ABEE-5B7DC70E7894}.Debug|Any CPU.ActiveCfg = Debug|Any CPU
		{4AF5AB21-8EB7-4073-ABEE-5B7DC70E7894}.Debug|Any CPU.Build.0 = Debug|Any CPU
		{4AF5AB21-8EB7-4073-ABEE-5B7DC70E7894}.Debug|ARM.ActiveCfg = Debug|Any CPU
		{4AF5AB21-8EB7-4073-ABEE-5B7DC70E7894}.Debug|ARM.Build.0 = Debug|Any CPU
		{4AF5AB21-8EB7-4073-ABEE-5B7DC70E7894}.Debug|ARM64.ActiveCfg = Debug|Any CPU
		{4AF5AB21-8EB7-4073-ABEE-5B7DC70E7894}.Debug|ARM64.Build.0 = Debug|Any CPU
		{4AF5AB21-8EB7-4073-ABEE-5B7DC70E7894}.Debug|x64.ActiveCfg = Debug|Any CPU
		{4AF5AB21-8EB7-4073-ABEE-5B7DC70E7894}.Debug|x64.Build.0 = Debug|Any CPU
		{4AF5AB21-8EB7-4073-ABEE-5B7DC70E7894}.Debug|x86.ActiveCfg = Debug|Any CPU
		{4AF5AB21-8EB7-4073-ABEE-5B7DC70E7894}.Debug|x86.Build.0 = Debug|Any CPU
		{4AF5AB21-8EB7-4073-ABEE-5B7DC70E7894}.Release|Any CPU.ActiveCfg = Release|Any CPU
		{4AF5AB21-8EB7-4073-ABEE-5B7DC70E7894}.Release|Any CPU.Build.0 = Release|Any CPU
		{4AF5AB21-8EB7-4073-ABEE-5B7DC70E7894}.Release|ARM.ActiveCfg = Release|Any CPU
		{4AF5AB21-8EB7-4073-ABEE-5B7DC70E7894}.Release|ARM.Build.0 = Release|Any CPU
		{4AF5AB21-8EB7-4073-ABEE-5B7DC70E7894}.Release|ARM64.ActiveCfg = Release|Any CPU
		{4AF5AB21-8EB7-4073-ABEE-5B7DC70E7894}.Release|ARM64.Build.0 = Release|Any CPU
		{4AF5AB21-8EB7-4073-ABEE-5B7DC70E7894}.Release|x64.ActiveCfg = Release|Any CPU
		{4AF5AB21-8EB7-4073-ABEE-5B7DC70E7894}.Release|x64.Build.0 = Release|Any CPU
		{4AF5AB21-8EB7-4073-ABEE-5B7DC70E7894}.Release|x86.ActiveCfg = Release|Any CPU
		{4AF5AB21-8EB7-4073-ABEE-5B7DC70E7894}.Release|x86.Build.0 = Release|Any CPU
		{F510017D-B927-4907-8FE6-43BEE6A131CF}.Debug|Any CPU.ActiveCfg = Debug|Any CPU
		{F510017D-B927-4907-8FE6-43BEE6A131CF}.Debug|Any CPU.Build.0 = Debug|Any CPU
		{F510017D-B927-4907-8FE6-43BEE6A131CF}.Debug|ARM.ActiveCfg = Debug|Any CPU
		{F510017D-B927-4907-8FE6-43BEE6A131CF}.Debug|ARM.Build.0 = Debug|Any CPU
		{F510017D-B927-4907-8FE6-43BEE6A131CF}.Debug|ARM64.ActiveCfg = Debug|Any CPU
		{F510017D-B927-4907-8FE6-43BEE6A131CF}.Debug|ARM64.Build.0 = Debug|Any CPU
		{F510017D-B927-4907-8FE6-43BEE6A131CF}.Debug|x64.ActiveCfg = Debug|Any CPU
		{F510017D-B927-4907-8FE6-43BEE6A131CF}.Debug|x64.Build.0 = Debug|Any CPU
		{F510017D-B927-4907-8FE6-43BEE6A131CF}.Debug|x86.ActiveCfg = Debug|Any CPU
		{F510017D-B927-4907-8FE6-43BEE6A131CF}.Debug|x86.Build.0 = Debug|Any CPU
		{F510017D-B927-4907-8FE6-43BEE6A131CF}.Release|Any CPU.ActiveCfg = Release|Any CPU
		{F510017D-B927-4907-8FE6-43BEE6A131CF}.Release|Any CPU.Build.0 = Release|Any CPU
		{F510017D-B927-4907-8FE6-43BEE6A131CF}.Release|ARM.ActiveCfg = Release|Any CPU
		{F510017D-B927-4907-8FE6-43BEE6A131CF}.Release|ARM.Build.0 = Release|Any CPU
		{F510017D-B927-4907-8FE6-43BEE6A131CF}.Release|ARM64.ActiveCfg = Release|Any CPU
		{F510017D-B927-4907-8FE6-43BEE6A131CF}.Release|ARM64.Build.0 = Release|Any CPU
		{F510017D-B927-4907-8FE6-43BEE6A131CF}.Release|x64.ActiveCfg = Release|Any CPU
		{F510017D-B927-4907-8FE6-43BEE6A131CF}.Release|x64.Build.0 = Release|Any CPU
		{F510017D-B927-4907-8FE6-43BEE6A131CF}.Release|x86.ActiveCfg = Release|Any CPU
		{F510017D-B927-4907-8FE6-43BEE6A131CF}.Release|x86.Build.0 = Release|Any CPU
		{A12C3EBA-03DB-4845-84A9-CDE359378111}.Debug|Any CPU.ActiveCfg = Debug|Any CPU
		{A12C3EBA-03DB-4845-84A9-CDE359378111}.Debug|Any CPU.Build.0 = Debug|Any CPU
		{A12C3EBA-03DB-4845-84A9-CDE359378111}.Debug|ARM.ActiveCfg = Debug|Any CPU
		{A12C3EBA-03DB-4845-84A9-CDE359378111}.Debug|ARM.Build.0 = Debug|Any CPU
		{A12C3EBA-03DB-4845-84A9-CDE359378111}.Debug|ARM64.ActiveCfg = Debug|Any CPU
		{A12C3EBA-03DB-4845-84A9-CDE359378111}.Debug|ARM64.Build.0 = Debug|Any CPU
		{A12C3EBA-03DB-4845-84A9-CDE359378111}.Debug|x64.ActiveCfg = Debug|Any CPU
		{A12C3EBA-03DB-4845-84A9-CDE359378111}.Debug|x64.Build.0 = Debug|Any CPU
		{A12C3EBA-03DB-4845-84A9-CDE359378111}.Debug|x86.ActiveCfg = Debug|Any CPU
		{A12C3EBA-03DB-4845-84A9-CDE359378111}.Debug|x86.Build.0 = Debug|Any CPU
		{A12C3EBA-03DB-4845-84A9-CDE359378111}.Release|Any CPU.ActiveCfg = Release|Any CPU
		{A12C3EBA-03DB-4845-84A9-CDE359378111}.Release|Any CPU.Build.0 = Release|Any CPU
		{A12C3EBA-03DB-4845-84A9-CDE359378111}.Release|ARM.ActiveCfg = Release|Any CPU
		{A12C3EBA-03DB-4845-84A9-CDE359378111}.Release|ARM.Build.0 = Release|Any CPU
		{A12C3EBA-03DB-4845-84A9-CDE359378111}.Release|ARM64.ActiveCfg = Release|Any CPU
		{A12C3EBA-03DB-4845-84A9-CDE359378111}.Release|ARM64.Build.0 = Release|Any CPU
		{A12C3EBA-03DB-4845-84A9-CDE359378111}.Release|x64.ActiveCfg = Release|Any CPU
		{A12C3EBA-03DB-4845-84A9-CDE359378111}.Release|x64.Build.0 = Release|Any CPU
		{A12C3EBA-03DB-4845-84A9-CDE359378111}.Release|x86.ActiveCfg = Release|Any CPU
		{A12C3EBA-03DB-4845-84A9-CDE359378111}.Release|x86.Build.0 = Release|Any CPU
	EndGlobalSection
	GlobalSection(SolutionProperties) = preSolution
		HideSolutionNode = FALSE
	EndGlobalSection
	GlobalSection(ExtensibilityGlobals) = postSolution
		SolutionGuid = {F18CEE7B-928C-46DB-B4BE-9DCDACDD9AAF}
	EndGlobalSection
EndGlobal
